
Microsoft Visual Studio Solution File, Format Version 12.00
# Visual Studio Version 17
VisualStudioVersion = 17.10.35027.167
MinimumVisualStudioVersion = 10.0.40219.1
Project("{9A19103F-16F7-4668-BE54-9A1E7A4F7556}") = "BlazorComponents", "BlazorComponents\BlazorComponents.csproj", "{6F773843-F192-4213-BDA7-86E6D52E0168}"
EndProject
Project("{9A19103F-16F7-4668-BE54-9A1E7A4F7556}") = "BlazorComponents.Client", "BlazorComponents.Client\BlazorComponents.Client.csproj", "{CC2EC750-1030-4E31-B490-B4A05FFADF21}"
EndProject
Global
	GlobalSection(SolutionConfigurationPlatforms) = preSolution
		Debug|Any CPU = Debug|Any CPU
		Release|Any CPU = Release|Any CPU
	EndGlobalSection
	GlobalSection(ProjectConfigurationPlatforms) = postSolution
		{6F773843-F192-4213-BDA7-86E6D52E0168}.Debug|Any CPU.ActiveCfg = Debug|Any CPU
		{6F773843-F192-4213-BDA7-86E6D52E0168}.Debug|Any CPU.Build.0 = Debug|Any CPU
		{6F773843-F192-4213-BDA7-86E6D52E0168}.Release|Any CPU.ActiveCfg = Release|Any CPU
		{6F773843-F192-4213-BDA7-86E6D52E0168}.Release|Any CPU.Build.0 = Release|Any CPU
		{CC2EC750-1030-4E31-B490-B4A05FFADF21}.Debug|Any CPU.ActiveCfg = Debug|Any CPU
		{CC2EC750-1030-4E31-B490-B4A05FFADF21}.Debug|Any CPU.Build.0 = Debug|Any CPU
		{CC2EC750-1030-4E31-B490-B4A05FFADF21}.Release|Any CPU.ActiveCfg = Release|Any CPU
		{CC2EC750-1030-4E31-B490-B4A05FFADF21}.Release|Any CPU.Build.0 = Release|Any CPU
	EndGlobalSection
	GlobalSection(SolutionProperties) = preSolution
		HideSolutionNode = FALSE
	EndGlobalSection
	GlobalSection(ExtensibilityGlobals) = postSolution
		SolutionGuid = {FBC4D458-41E9-4D0B-949A-2A145DF72B40}
	EndGlobalSection
EndGlobal
